{
  "nodes": {
    "nixpkgs": {
      "locked": {
        "lastModified": 1736798957,
        "narHash": "sha256-qwpCtZhSsSNQtK4xYGzMiyEDhkNzOCz/Vfu4oL2ETsQ=",
        "owner": "nixos",
        "repo": "nixpkgs",
        "rev": "9abb87b552b7f55ac8916b6fc9e5cb486656a2f3",
        "type": "github"
      },
      "original": {
        "owner": "nixos",
        "ref": "nixos-unstable",
        "repo": "nixpkgs",
        "type": "github"
      }
    },
    "plover-update": {
      "locked": {
        "lastModified": 1736325864,
        "narHash": "sha256-+wtUo6usuRDvj1htsI8hteZH68mEgmMjYLgk8tgQ6Xo=",
        "owner": "FirelightFlagboy",
        "repo": "nixpkgs",
        "rev": "26aeb025c2777594521f94e846c04b87d0fea7ce",
        "type": "github"
      },
      "original": {
        "owner": "FirelightFlagboy",
        "ref": "update-plover-4.0.0.dev12",
        "repo": "nixpkgs",
        "type": "github"
      }
    },
    "root": {
      "inputs": {
        "nixpkgs": "nixpkgs",
        "plover-update": "plover-update"
      }
    }
  },
  "root": "root",
  "version": 7
}
